
Microsoft Visual Studio Solution File, Format Version 12.00
# Visual Studio Version 16
VisualStudioVersion = 16.0.32901.82
MinimumVisualStudioVersion = 10.0.40219.1
Project("{FAE04EC0-301F-11D3-BF4B-00C04F79EFBC}") = "Trang Granville", "Trang Granville\Trang Granville.csproj", "{8D809B01-17C1-477D-88D0-FB51007C49C2}"
EndProject
Global
	GlobalSection(SolutionConfigurationPlatforms) = preSolution
		Debug|Any CPU = Debug|Any CPU
		Release|Any CPU = Release|Any CPU
	EndGlobalSection
	GlobalSection(ProjectConfigurationPlatforms) = postSolution
		{8D809B01-17C1-477D-88D0-FB51007C49C2}.Debug|Any CPU.ActiveCfg = Debug|Any CPU
		{8D809B01-17C1-477D-88D0-FB51007C49C2}.Debug|Any CPU.Build.0 = Debug|Any CPU
		{8D809B01-17C1-477D-88D0-FB51007C49C2}.Release|Any CPU.ActiveCfg = Release|Any CPU
		{8D809B01-17C1-477D-88D0-FB51007C49C2}.Release|Any CPU.Build.0 = Release|Any CPU
	EndGlobalSection
	GlobalSection(SolutionProperties) = preSolution
		HideSolutionNode = FALSE
	EndGlobalSection
	GlobalSection(ExtensibilityGlobals) = postSolution
		SolutionGuid = {07343407-DDC7-4361-A48C-F4470A7E1286}
	EndGlobalSection
EndGlobal
